{
  "name": "backend-node",
  "version": "1.0.0",
  "lockfileVersion": 1,
  "requires": true,
  "dependencies": {
    "commander": {
      "version": "2.20.3",
      "resolved": "https://registry.npmjs.org/commander/-/commander-2.20.3.tgz",
      "integrity": "sha512-GpVkmM8vF2vQUkj2LvZmD35JxeJOLCwJ9cUkugyk2nuhbv3+mJvpLYYt+0+USMxE+oj+ey/lJEnhZw75x/OMcQ=="
    },
    "cssfilter": {
      "version": "0.0.10",
      "resolved": "https://registry.npmjs.org/cssfilter/-/cssfilter-0.0.10.tgz",
      "integrity": "sha1-xtJnJjKi5cg+AT5oZKQs6N79IK4="
    },
    "graphql-playground-html": {
      "version": "1.6.25",
      "resolved": "https://registry.npmjs.org/graphql-playground-html/-/graphql-playground-html-1.6.25.tgz",
      "integrity": "sha512-wMNvGsQ0OwBVhn72VVi7OdpI85IxiIZT43glRx7gQIwQ6NvhFnzMYBIVmcJAJ4UlXRYiWtrQhuOItDXObiR3kg==",
      "requires": {
        "xss": "^1.0.6"
      }
    },
    "xss": {
      "version": "1.0.7",
      "resolved": "https://registry.npmjs.org/xss/-/xss-1.0.7.tgz",
      "integrity": "sha512-A9v7tblGvxu8TWXQC9rlpW96a+LN1lyw6wyhpTmmGW+FwRMactchBR3ROKSi33UPCUcUHSu8s9YP6F+K3Mw//w==",
      "requires": {
        "commander": "^2.20.3",
        "cssfilter": "0.0.10"
      }
    }
  }
}
